
Microsoft Visual Studio Solution File, Format Version 12.00
# Visual Studio Version 17
VisualStudioVersion = 17.0.31903.59
MinimumVisualStudioVersion = 10.0.40219.1
Project("{FAE04EC0-301F-11D3-BF4B-00C04F79EFBC}") = "CatalogService", "src\CatalogService\CatalogService.csproj", "{9A796882-3988-43FD-8D9D-4F2633095752}"
EndProject
Project("{FAE04EC0-301F-11D3-BF4B-00C04F79EFBC}") = "SearchService", "src\SearchService\SearchService.csproj", "{A22294E0-2CCC-425C-871B-C45DC60B1FE5}"
EndProject
Project("{2150E333-8FDC-42A3-9474-1A3956D46DE8}") = "src", "src", "{F4EDDC3D-F7F5-4391-A5A8-9C060D0561D2}"
EndProject
Project("{FAE04EC0-301F-11D3-BF4B-00C04F79EFBC}") = "Contracts", "src\Contracts\Contracts.csproj", "{2D6808B3-7113-473C-A381-D93B636F49C3}"
EndProject
Project("{FAE04EC0-301F-11D3-BF4B-00C04F79EFBC}") = "IdentityService", "src\IdentityService\IdentityService.csproj", "{58DBA57F-6DD9-4692-8D70-03BC4D0A823C}"
EndProject
Global
	GlobalSection(SolutionConfigurationPlatforms) = preSolution
		Debug|Any CPU = Debug|Any CPU
		Release|Any CPU = Release|Any CPU
	EndGlobalSection
	GlobalSection(SolutionProperties) = preSolution
		HideSolutionNode = FALSE
	EndGlobalSection
	GlobalSection(ProjectConfigurationPlatforms) = postSolution
		{9A796882-3988-43FD-8D9D-4F2633095752}.Debug|Any CPU.ActiveCfg = Debug|Any CPU
		{9A796882-3988-43FD-8D9D-4F2633095752}.Debug|Any CPU.Build.0 = Debug|Any CPU
		{9A796882-3988-43FD-8D9D-4F2633095752}.Release|Any CPU.ActiveCfg = Release|Any CPU
		{9A796882-3988-43FD-8D9D-4F2633095752}.Release|Any CPU.Build.0 = Release|Any CPU
		{A22294E0-2CCC-425C-871B-C45DC60B1FE5}.Debug|Any CPU.ActiveCfg = Debug|Any CPU
		{A22294E0-2CCC-425C-871B-C45DC60B1FE5}.Debug|Any CPU.Build.0 = Debug|Any CPU
		{A22294E0-2CCC-425C-871B-C45DC60B1FE5}.Release|Any CPU.ActiveCfg = Release|Any CPU
		{A22294E0-2CCC-425C-871B-C45DC60B1FE5}.Release|Any CPU.Build.0 = Release|Any CPU
		{2D6808B3-7113-473C-A381-D93B636F49C3}.Debug|Any CPU.ActiveCfg = Debug|Any CPU
		{2D6808B3-7113-473C-A381-D93B636F49C3}.Debug|Any CPU.Build.0 = Debug|Any CPU
		{2D6808B3-7113-473C-A381-D93B636F49C3}.Release|Any CPU.ActiveCfg = Release|Any CPU
		{2D6808B3-7113-473C-A381-D93B636F49C3}.Release|Any CPU.Build.0 = Release|Any CPU
		{58DBA57F-6DD9-4692-8D70-03BC4D0A823C}.Debug|Any CPU.ActiveCfg = Debug|Any CPU
		{58DBA57F-6DD9-4692-8D70-03BC4D0A823C}.Debug|Any CPU.Build.0 = Debug|Any CPU
		{58DBA57F-6DD9-4692-8D70-03BC4D0A823C}.Release|Any CPU.ActiveCfg = Release|Any CPU
		{58DBA57F-6DD9-4692-8D70-03BC4D0A823C}.Release|Any CPU.Build.0 = Release|Any CPU
	EndGlobalSection
	GlobalSection(NestedProjects) = preSolution
		{9A796882-3988-43FD-8D9D-4F2633095752} = {6ADF5F3B-1DB1-4A19-B597-F5B749509E46}
		{A22294E0-2CCC-425C-871B-C45DC60B1FE5} = {6ADF5F3B-1DB1-4A19-B597-F5B749509E46}
		{2D6808B3-7113-473C-A381-D93B636F49C3} = {6ADF5F3B-1DB1-4A19-B597-F5B749509E46}
		{58DBA57F-6DD9-4692-8D70-03BC4D0A823C} = {F4EDDC3D-F7F5-4391-A5A8-9C060D0561D2}
	EndGlobalSection
EndGlobal
